
Microsoft Visual Studio Solution File, Format Version 12.00
# Visual Studio Version 17
VisualStudioVersion = 17.3.32901.215
MinimumVisualStudioVersion = 10.0.40219.1
Project("{9A19103F-16F7-4668-BE54-9A1E7A4F7556}") = "ADPLabsNetCore", "ADPLabsNetCore\ADPLabsNetCore.csproj", "{4E2EA325-B09B-4730-96E7-CC5D7541EBF6}"
EndProject
Project("{2150E333-8FDC-42A3-9474-1A3956D46DE8}") = "Solution Items", "Solution Items", "{0621FED6-9CC9-4A2E-8E90-30F2DADB3CAB}"
	ProjectSection(SolutionItems) = preProject
		.editorconfig = .editorconfig
	EndProjectSection
EndProject
Project("{9A19103F-16F7-4668-BE54-9A1E7A4F7556}") = "ADPClient", "ADPClient\ADPClient.csproj", "{6974C7DC-B7A2-425F-8116-B684F2CA3BF1}"
EndProject
Project("{FAE04EC0-301F-11D3-BF4B-00C04F79EFBC}") = "ADPLabsTest", "ADPLabsTest\ADPLabsTest.csproj", "{FADF7AE6-C258-47A0-AEF4-ECC0E4C6CA1E}"
EndProject
Global
	GlobalSection(SolutionConfigurationPlatforms) = preSolution
		Debug|Any CPU = Debug|Any CPU
		Release|Any CPU = Release|Any CPU
	EndGlobalSection
	GlobalSection(ProjectConfigurationPlatforms) = postSolution
		{4E2EA325-B09B-4730-96E7-CC5D7541EBF6}.Debug|Any CPU.ActiveCfg = Debug|Any CPU
		{4E2EA325-B09B-4730-96E7-CC5D7541EBF6}.Debug|Any CPU.Build.0 = Debug|Any CPU
		{4E2EA325-B09B-4730-96E7-CC5D7541EBF6}.Release|Any CPU.ActiveCfg = Release|Any CPU
		{4E2EA325-B09B-4730-96E7-CC5D7541EBF6}.Release|Any CPU.Build.0 = Release|Any CPU
		{6974C7DC-B7A2-425F-8116-B684F2CA3BF1}.Debug|Any CPU.ActiveCfg = Debug|Any CPU
		{6974C7DC-B7A2-425F-8116-B684F2CA3BF1}.Debug|Any CPU.Build.0 = Debug|Any CPU
		{6974C7DC-B7A2-425F-8116-B684F2CA3BF1}.Release|Any CPU.ActiveCfg = Release|Any CPU
		{6974C7DC-B7A2-425F-8116-B684F2CA3BF1}.Release|Any CPU.Build.0 = Release|Any CPU
		{FADF7AE6-C258-47A0-AEF4-ECC0E4C6CA1E}.Debug|Any CPU.ActiveCfg = Debug|Any CPU
		{FADF7AE6-C258-47A0-AEF4-ECC0E4C6CA1E}.Debug|Any CPU.Build.0 = Debug|Any CPU
		{FADF7AE6-C258-47A0-AEF4-ECC0E4C6CA1E}.Release|Any CPU.ActiveCfg = Release|Any CPU
		{FADF7AE6-C258-47A0-AEF4-ECC0E4C6CA1E}.Release|Any CPU.Build.0 = Release|Any CPU
	EndGlobalSection
	GlobalSection(SolutionProperties) = preSolution
		HideSolutionNode = FALSE
	EndGlobalSection
	GlobalSection(ExtensibilityGlobals) = postSolution
		SolutionGuid = {F65ACC0B-7B2D-40D1-B208-61D043CD3021}
	EndGlobalSection
EndGlobal
